github.com/clbanning/x2j v0.0.0-20191024224557-825249438eec h1:EdRZT3IeKQmfCSrgo8SZ8V3MEnskuJP0wCYNpe+aiXo=
github.com/clbanning/x2j v0.0.0-20191024224557-825249438eec/go.mod h1:jMjuTZXRI4dUb/I5gc9Hdhagfvm9+RyrPryS/auMzxE=
github.com/davecgh/go-spew v1.1.0/go.mod h1:J7Y8YcW2NihsgmVo/mv3lAwl/skON4iLHjSsI+c5H38=
github.com/davecgh/go-spew v1.1.1/go.mod h1:J7Y8YcW2NihsgmVo/mv3lAwl/skON4iLHjSsI+c5H38=
github.com/gorilla/websocket v1.4.2 h1:+/TMaTYc4QFitKJxsQ7Yye35DkWvkdLcvGKqM+x0Ufc=
github.com/gorilla/websocket v1.4.2/go.mod h1:YR8l580nyteQvAITg2hZ9XVh4b55+EU/adAjf1fMHhE=
github.com/pmezard/go-difflib v1.0.0/go.mod h1:iKH77koFhYxTK1pcRnkKkqfTogsbg7gZNVY4sRDYZ/4=
github.com/stretchr/codecs v0.0.0-20170403063245-04a5b1e1910d h1:gXQ+QS3q874pcayiqszimfHPQ7ySFcekgzBMoTaVawk=
github.com/stretchr/codecs v0.0.0-20170403063245-04a5b1e1910d/go.mod h1:RpfDhdqip2BYhzoE4esKm8axH5VywpvMW9o3wfcamek=
github.com/stretchr/gomniauth v0.0.0-20170717123514-4b6c822be2eb h1:6lYIg/SCrz3gsCsEpRpK0BW3tBGt4VuQKlAleoxCgCc=
github.com/stretchr/gomniauth v0.0.0-20170717123514-4b6c822be2eb/go.mod h1:5wVraTCYvqbNMRjmSIIcrJMASXdoHeXm8j8AON7WobA=
github.com/stretchr/objx v0.1.0/go.mod h1:HFkY916IF+rwdDfMAkV7OtwuqBVzrE8GR6GFx+wExME=
github.com/stretchr/objx v0.3.0 h1:NGXK3lHquSN08v5vWalVI/L8XU9hdzE/G6xsrze47As=
github.com/stretchr/objx v0.3.0/go.mod h1:qt09Ya8vawLte6SNmTgCsAVtYtaKzEcn8ATUoHMkEqE=
github.com/stretchr/signature v0.0.0-20160104132143-168b2a1e1b56 h1:BTR9AeovoABP8KnaBkzNtp7y/+x1n5GbOHwp3QisE1k=
github.com/stretchr/signature v0.0.0-20160104132143-168b2a1e1b56/go.mod h1:p8v7xBdwApv7pgPN+8jQ3LpBQJDAusrtE+YBWBbab9Q=
github.com/stretchr/stew v0.0.0-20130812190256-80ef0842b48b h1:DmfFjW6pLdaJNVHfKgCxTdKFI6tM+0YbMd0kx7kE78s=
github.com/stretchr/stew v0.0.0-20130812190256-80ef0842b48b/go.mod h1:yS/5aMz+lfJhykLjlAGbnhUhZIvVapOvtmk0MtzHktE=
github.com/stretchr/testify v1.3.0/go.mod h1:M5WIy9Dh21IEIfnGCwXGc5bZfKNJtfHm1UVUgZn+9EI=
github.com/stretchr/tracer v0.0.0-20140124184152-66d3696bba97 h1:ZXZ3Ko4supnaInt/pSZnq3QL65Qx/KSZTUPMJH5RlIk=
github.com/stretchr/tracer v0.0.0-20140124184152-66d3696bba97/go.mod h1:H0mYc1JTiYc9K0keLMYcR2ybyeom20X4cOYrKya1M1Y=
github.com/ugorji/go v1.2.2 h1:60ZHIOcsJlo3bJm9CbTVu7OSqT2mxaEmyQbK2NwCkn0=
github.com/ugorji/go v1.2.2/go.mod h1:bitgyERdV7L7Db/Z5gfd5v2NQMNhhiFiZwpgMw2SP7k=
github.com/ugorji/go/codec v1.2.2 h1:08Gah8d+dXj4cZNUHhtuD/S4PXD5WpVbj5B8/ClELAQ=
github.com/ugorji/go/codec v1.2.2/go.mod h1:OM8g7OAy52uYl3Yk+RE/3AS1nXFn1Wh4PPLtupCxbuU=
gopkg.in/mgo.v2 v2.0.0-20190816093944-a6b53ec6cb22 h1:VpOs+IwYnYBaFnrNAeB8UUWtL3vEUnzSCL1nVjPhqrw=
gopkg.in/mgo.v2 v2.0.0-20190816093944-a6b53ec6cb22/go.mod h1:yeKp02qBN3iKW1OzL3MGk2IdtZzaj7SFntXj72NppTA=
